// !$*UTF8*$!
{
	archiveVersion = 1;
	classes = {
	};
	objectVersion = 56;
	objects = {

/* Begin PBXBuildFile section */
		111111111111111111111101 /* App.swift in Sources */ = {isa = PBXBuildFile; fileRef = 222222222222222222222201 /* App.swift */; };
		111111111111111111111102 /* MenuBarView.swift in Sources */ = {isa = PBXBuildFile; fileRef = 222222222222222222222202 /* MenuBarView.swift */; };
		111111111111111111111103 /* TimerTab.swift in Sources */ = {isa = PBXBuildFile; fileRef = 222222222222222222222203 /* TimerTab.swift */; };
		111111111111111111111104 /* DNDTab.swift in Sources */ = {isa = PBXBuildFile; fileRef = 222222222222222222222204 /* DNDTab.swift */; };
		111111111111111111111105 /* HistoryTab.swift in Sources */ = {isa = PBXBuildFile; fileRef = 222222222222222222222205 /* HistoryTab.swift */; };
		111111111111111111111106 /* SettingsTab.swift in Sources */ = {isa = PBXBuildFile; fileRef = 222222222222222222222206 /* SettingsTab.swift */; };
		111111111111111111111107 /* TimerManager.swift in Sources */ = {isa = PBXBuildFile; fileRef = 222222222222222222222207 /* TimerManager.swift */; };
		111111111111111111111108 /* AppSettings.swift in Sources */ = {isa = PBXBuildFile; fileRef = 222222222222222222222208 /* AppSettings.swift */; };
		111111111111111111111109 /* ActivityMonitor.swift in Sources */ = {isa = PBXBuildFile; fileRef = 222222222222222222222209 /* ActivityMonitor.swift */; };
		111111111111111111111110 /* BreakWindowManager.swift in Sources */ = {isa = PBXBuildFile; fileRef = 222222222222222222222210 /* BreakWindowManager.swift */; };
		111111111111111111111111 /* BreakOverlayView.swift in Sources */ = {isa = PBXBuildFile; fileRef = 222222222222222222222211 /* BreakOverlayView.swift */; };
		111111111111111111111112 /* DataStore.swift in Sources */ = {isa = PBXBuildFile; fileRef = 222222222222222222222212 /* DataStore.swift */; };
		111111111111111111111113 /* DailyRecord.swift in Sources */ = {isa = PBXBuildFile; fileRef = 222222222222222222222213 /* DailyRecord.swift */; };
/* End PBXBuildFile section */

/* Begin PBXFileReference section */
		222222222222222222222201 /* App.swift */ = {isa = PBXFileReference; lastKnownFileType = sourcecode.swift; path = App.swift; sourceTree = "<group>"; };
		222222222222222222222202 /* MenuBarView.swift */ = {isa = PBXFileReference; lastKnownFileType = sourcecode.swift; path = MenuBarView.swift; sourceTree = "<group>"; };
		222222222222222222222203 /* TimerTab.swift */ = {isa = PBXFileReference; lastKnownFileType = sourcecode.swift; path = TimerTab.swift; sourceTree = "<group>"; };
		222222222222222222222204 /* DNDTab.swift */ = {isa = PBXFileReference; lastKnownFileType = sourcecode.swift; path = DNDTab.swift; sourceTree = "<group>"; };
		222222222222222222222205 /* HistoryTab.swift */ = {isa = PBXFileReference; lastKnownFileType = sourcecode.swift; path = HistoryTab.swift; sourceTree = "<group>"; };
		222222222222222222222206 /* SettingsTab.swift */ = {isa = PBXFileReference; lastKnownFileType = sourcecode.swift; path = SettingsTab.swift; sourceTree = "<group>"; };
		222222222222222222222207 /* TimerManager.swift */ = {isa = PBXFileReference; lastKnownFileType = sourcecode.swift; path = TimerManager.swift; sourceTree = "<group>"; };
		222222222222222222222208 /* AppSettings.swift */ = {isa = PBXFileReference; lastKnownFileType = sourcecode.swift; path = AppSettings.swift; sourceTree = "<group>"; };
		222222222222222222222209 /* ActivityMonitor.swift */ = {isa = PBXFileReference; lastKnownFileType = sourcecode.swift; path = ActivityMonitor.swift; sourceTree = "<group>"; };
		222222222222222222222210 /* BreakWindowManager.swift */ = {isa = PBXFileReference; lastKnownFileType = sourcecode.swift; path = BreakWindowManager.swift; sourceTree = "<group>"; };
		222222222222222222222211 /* BreakOverlayView.swift */ = {isa = PBXFileReference; lastKnownFileType = sourcecode.swift; path = BreakOverlayView.swift; sourceTree = "<group>"; };
		222222222222222222222212 /* DataStore.swift */ = {isa = PBXFileReference; lastKnownFileType = sourcecode.swift; path = DataStore.swift; sourceTree = "<group>"; };
		222222222222222222222213 /* DailyRecord.swift */ = {isa = PBXFileReference; lastKnownFileType = sourcecode.swift; path = DailyRecord.swift; sourceTree = "<group>"; };
		222222222222222222222299 /* PawBreak.app */ = {isa = PBXFileReference; explicitFileType = wrapper.application; includeInIndex = 0; path = PawBreak.app; sourceTree = BUILT_PRODUCTS_DIR; };
/* End PBXFileReference section */

/* Begin PBXFrameworksBuildPhase section */
		555555555555555555555502 /* Frameworks */ = {
			isa = PBXFrameworksBuildPhase;
			buildActionMask = 2147483647;
			files = (
			);
			runOnlyForDeploymentPostprocessing = 0;
		};
/* End PBXFrameworksBuildPhase section */

/* Begin PBXGroup section */
		333333333333333333333301 = {
			isa = PBXGroup;
			children = (
				333333333333333333333302 /* PawBreak */,
				333333333333333333333399 /* Products */,
			);
			sourceTree = "<group>";
		};
		333333333333333333333302 /* PawBreak */ = {
			isa = PBXGroup;
			children = (
				333333333333333333333303 /* Sources */,
			);
			path = "";
			sourceTree = "<group>";
		};
		333333333333333333333303 /* Sources */ = {
			isa = PBXGroup;
			children = (
				222222222222222222222201 /* App.swift */,
				333333333333333333333304 /* Views */,
				333333333333333333333305 /* Managers */,
				333333333333333333333306 /* Models */,
			);
			path = Sources;
			sourceTree = "<group>";
		};
		333333333333333333333304 /* Views */ = {
			isa = PBXGroup;
			children = (
				222222222222222222222202 /* MenuBarView.swift */,
				222222222222222222222203 /* TimerTab.swift */,
				222222222222222222222204 /* DNDTab.swift */,
				222222222222222222222205 /* HistoryTab.swift */,
				222222222222222222222206 /* SettingsTab.swift */,
				222222222222222222222211 /* BreakOverlayView.swift */,
			);
			path = Views;
			sourceTree = "<group>";
		};
		333333333333333333333305 /* Managers */ = {
			isa = PBXGroup;
			children = (
				222222222222222222222207 /* TimerManager.swift */,
				222222222222222222222209 /* ActivityMonitor.swift */,
				222222222222222222222210 /* BreakWindowManager.swift */,
				222222222222222222222212 /* DataStore.swift */,
			);
			path = Managers;
			sourceTree = "<group>";
		};
		333333333333333333333306 /* Models */ = {
			isa = PBXGroup;
			children = (
				222222222222222222222208 /* AppSettings.swift */,
				222222222222222222222213 /* DailyRecord.swift */,
			);
			path = Models;
			sourceTree = "<group>";
		};
		333333333333333333333399 /* Products */ = {
			isa = PBXGroup;
			children = (
				222222222222222222222299 /* PawBreak.app */,
			);
			name = Products;
			sourceTree = "<group>";
		};
/* End PBXGroup section */

/* Begin PBXNativeTarget section */
		444444444444444444444401 /* PawBreak */ = {
			isa = PBXNativeTarget;
			buildConfigurationList = 777777777777777777777702 /* Build configuration list for PBXNativeTarget "PawBreak" */;
			buildPhases = (
				555555555555555555555501 /* Sources */,
				555555555555555555555502 /* Frameworks */,
			);
			buildRules = (
			);
			dependencies = (
			);
			name = PawBreak;
			productName = PawBreak;
			productReference = 222222222222222222222299 /* PawBreak.app */;
			productType = "com.apple.product-type.application";
		};
/* End PBXNativeTarget section */

/* Begin PBXProject section */
		666666666666666666666601 /* Project object */ = {
			isa = PBXProject;
			attributes = {
				BuildIndependentTargetsInParallel = 1;
				LastSwiftUpdateCheck = 1630;
				LastUpgradeCheck = 1630;
			};
			buildConfigurationList = 777777777777777777777701 /* Build configuration list for PBXProject "PawBreak" */;
			compatibilityVersion = "Xcode 14.0";
			developmentRegion = "zh-Hans";
			hasScannedForEncodings = 0;
			knownRegions = (
				en,
				"zh-Hans",
			);
			mainGroup = 333333333333333333333301;
			productRefGroup = 333333333333333333333399 /* Products */;
			projectDirPath = "";
			projectRoot = "";
			targets = (
				444444444444444444444401 /* PawBreak */,
			);
		};
/* End PBXProject section */

/* Begin PBXSourcesBuildPhase section */
		555555555555555555555501 /* Sources */ = {
			isa = PBXSourcesBuildPhase;
			buildActionMask = 2147483647;
			files = (
				111111111111111111111101 /* App.swift in Sources */,
				111111111111111111111102 /* MenuBarView.swift in Sources */,
				111111111111111111111103 /* TimerTab.swift in Sources */,
				111111111111111111111104 /* DNDTab.swift in Sources */,
				111111111111111111111105 /* HistoryTab.swift in Sources */,
				111111111111111111111106 /* SettingsTab.swift in Sources */,
				111111111111111111111107 /* TimerManager.swift in Sources */,
				111111111111111111111108 /* AppSettings.swift in Sources */,
				111111111111111111111109 /* ActivityMonitor.swift in Sources */,
				111111111111111111111110 /* BreakWindowManager.swift in Sources */,
				111111111111111111111111 /* BreakOverlayView.swift in Sources */,
				111111111111111111111112 /* DataStore.swift in Sources */,
				111111111111111111111113 /* DailyRecord.swift in Sources */,
			);
			runOnlyForDeploymentPostprocessing = 0;
		};
/* End PBXSourcesBuildPhase section */

/* Begin XCBuildConfiguration section */
		888888888888888888888801 /* Debug */ = {
			isa = XCBuildConfiguration;
			buildSettings = {
				ALWAYS_SEARCH_USER_PATHS = NO;
				CLANG_ANALYZER_NONNULL = YES;
				CLANG_CXX_LANGUAGE_STANDARD = "gnu++20";
				CLANG_ENABLE_MODULES = YES;
				CLANG_ENABLE_OBJC_ARC = YES;
				COPY_PHASE_STRIP = NO;
				DEBUG_INFORMATION_FORMAT = dwarf;
				ENABLE_STRICT_OBJC_MSGSEND = YES;
				ENABLE_TESTABILITY = YES;
				GCC_DYNAMIC_NO_PIC = NO;
				GCC_OPTIMIZATION_LEVEL = 0;
				GCC_PREPROCESSOR_DEFINITIONS = (
					"DEBUG=1",
					"$(inherited)",
				);
				MACOSX_DEPLOYMENT_TARGET = 14.0;
				MTL_ENABLE_DEBUG_INFO = INCLUDE_SOURCE;
				ONLY_ACTIVE_ARCH = YES;
				SDKROOT = macosx;
				SWIFT_ACTIVE_COMPILATION_CONDITIONS = "DEBUG $(inherited)";
				SWIFT_OPTIMIZATION_LEVEL = "-Onone";
				SWIFT_VERSION = 5.0;
			};
			name = Debug;
		};
		888888888888888888888802 /* Release */ = {
			isa = XCBuildConfiguration;
			buildSettings = {
				ALWAYS_SEARCH_USER_PATHS = NO;
				CLANG_ANALYZER_NONNULL = YES;
				CLANG_CXX_LANGUAGE_STANDARD = "gnu++20";
				CLANG_ENABLE_MODULES = YES;
				CLANG_ENABLE_OBJC_ARC = YES;
				COPY_PHASE_STRIP = NO;
				DEBUG_INFORMATION_FORMAT = "dwarf-with-dsym";
				ENABLE_NS_ASSERTIONS = NO;
				ENABLE_STRICT_OBJC_MSGSEND = YES;
				GCC_OPTIMIZATION_LEVEL = s;
				MACOSX_DEPLOYMENT_TARGET = 14.0;
				MTL_ENABLE_DEBUG_INFO = NO;
				SDKROOT = macosx;
				SWIFT_COMPILATION_MODE = wholemodule;
				SWIFT_OPTIMIZATION_LEVEL = "-O";
				SWIFT_VERSION = 5.0;
				VALIDATE_PRODUCT = YES;
			};
			name = Release;
		};
		888888888888888888888803 /* Debug */ = {
			isa = XCBuildConfiguration;
			buildSettings = {
				CODE_SIGN_STYLE = Automatic;
				COMBINE_HIDPI_IMAGES = YES;
				CURRENT_PROJECT_VERSION = 1;
				ENABLE_HARDENED_RUNTIME = YES;
				GENERATE_INFOPLIST_FILE = YES;
				INFOPLIST_KEY_LSApplicationCategoryType = "public.app-category.healthcare-fitness";
				INFOPLIST_KEY_LSUIElement = YES;
				LD_RUNPATH_SEARCH_PATHS = (
					"$(inherited)",
					"@executable_path/../Frameworks",
				);
				MARKETING_VERSION = 1.0;
				PRODUCT_BUNDLE_IDENTIFIER = com.pawbreak.app;
				PRODUCT_NAME = "$(TARGET_NAME)";
				SWIFT_VERSION = 5.0;
			};
			name = Debug;
		};
		888888888888888888888804 /* Release */ = {
			isa = XCBuildConfiguration;
			buildSettings = {
				CODE_SIGN_STYLE = Automatic;
				COMBINE_HIDPI_IMAGES = YES;
				CURRENT_PROJECT_VERSION = 1;
				ENABLE_HARDENED_RUNTIME = YES;
				GENERATE_INFOPLIST_FILE = YES;
				INFOPLIST_KEY_LSApplicationCategoryType = "public.app-category.healthcare-fitness";
				INFOPLIST_KEY_LSUIElement = YES;
				LD_RUNPATH_SEARCH_PATHS = (
					"$(inherited)",
					"@executable_path/../Frameworks",
				);
				MARKETING_VERSION = 1.0;
				PRODUCT_BUNDLE_IDENTIFIER = com.pawbreak.app;
				PRODUCT_NAME = "$(TARGET_NAME)";
				SWIFT_VERSION = 5.0;
			};
			name = Release;
		};
/* End XCBuildConfiguration section */

/* Begin XCConfigurationList section */
		777777777777777777777701 /* Build configuration list for PBXProject "PawBreak" */ = {
			isa = XCConfigurationList;
			buildConfigurations = (
				888888888888888888888801 /* Debug */,
				888888888888888888888802 /* Release */,
			);
			defaultConfigurationIsVisible = 0;
			defaultConfigurationName = Release;
		};
		777777777777777777777702 /* Build configuration list for PBXNativeTarget "PawBreak" */ = {
			isa = XCConfigurationList;
			buildConfigurations = (
				888888888888888888888803 /* Debug */,
				888888888888888888888804 /* Release */,
			);
			defaultConfigurationIsVisible = 0;
			defaultConfigurationName = Release;
		};
/* End XCConfigurationList section */
	};
	rootObject = 666666666666666666666601 /* Project object */;
}
